[[package]]
name = "recaman-svg"
version = "0.1.0"
dependencies = [
 "svg 0.5.11 (registry+https://github.com/rust-lang/crates.io-index)",
]

[[package]]
name = "svg"
version = "0.5.11"
source = "registry+https://github.com/rust-lang/crates.io-index"

[metadata]
"checksum svg 0.5.11 (registry+https://github.com/rust-lang/crates.io-index)" = "7518a18ac78da03c41ca0611128c6d8adf1efae0773c337d6c19793dce860c9b"
